// !$*UTF8*$!
{
	archiveVersion = 1;
	classes = {
	};
	objectVersion = 46;
	objects = {

/* Begin PBXBuildFile section */
		37849F4F1E3F9EC500F24FFB /* Cocoa.framework in Frameworks */ = {isa = PBXBuildFile; fileRef = 37849F4E1E3F9EC500F24FFB /* Cocoa.framework */; };
		37849F541E3F9EC500F24FFB /* SourceEditorExtension.swift in Sources */ = {isa = PBXBuildFile; fileRef = 37849F531E3F9EC500F24FFB /* SourceEditorExtension.swift */; };
		37849F561E3F9EC500F24FFB /* SourceEditorCommand.swift in Sources */ = {isa = PBXBuildFile; fileRef = 37849F551E3F9EC500F24FFB /* SourceEditorCommand.swift */; };
		37849F5A1E3F9EC500F24FFB /* LineEscapeEx.appex in Embed App Extensions */ = {isa = PBXBuildFile; fileRef = 37849F4C1E3F9EC500F24FFB /* LineEscapeEx.appex */; settings = {ATTRIBUTES = (RemoveHeadersOnCopy, ); }; };
		378CACEF1E56D38F00A5BF3B /* AppDelegate.swift in Sources */ = {isa = PBXBuildFile; fileRef = 378CACEE1E56D38F00A5BF3B /* AppDelegate.swift */; };
		378CACF11E56D39800A5BF3B /* Info.plist in Resources */ = {isa = PBXBuildFile; fileRef = 378CACF01E56D39700A5BF3B /* Info.plist */; };
		378CACF31E56D39E00A5BF3B /* Assets.xcassets in Resources */ = {isa = PBXBuildFile; fileRef = 378CACF21E56D39E00A5BF3B /* Assets.xcassets */; };
/* End PBXBuildFile section */

/* Begin PBXContainerItemProxy section */
		37849F581E3F9EC500F24FFB /* PBXContainerItemProxy */ = {
			isa = PBXContainerItemProxy;
			containerPortal = 37849F301E3F9EB600F24FFB /* Project object */;
			proxyType = 1;
			remoteGlobalIDString = 37849F4B1E3F9EC500F24FFB;
			remoteInfo = LineEscapeEx;
		};
/* End PBXContainerItemProxy section */

/* Begin PBXCopyFilesBuildPhase section */
		37849F5E1E3F9EC500F24FFB /* Embed App Extensions */ = {
			isa = PBXCopyFilesBuildPhase;
			buildActionMask = 2147483647;
			dstPath = "";
			dstSubfolderSpec = 13;
			files = (
				37849F5A1E3F9EC500F24FFB /* LineEscapeEx.appex in Embed App Extensions */,
			);
			name = "Embed App Extensions";
			runOnlyForDeploymentPostprocessing = 0;
		};
/* End PBXCopyFilesBuildPhase section */

/* Begin PBXFileReference section */
		37849F381E3F9EB600F24FFB /* LineEscape.app */ = {isa = PBXFileReference; explicitFileType = wrapper.application; includeInIndex = 0; path = LineEscape.app; sourceTree = BUILT_PRODUCTS_DIR; };
		37849F4C1E3F9EC500F24FFB /* LineEscapeEx.appex */ = {isa = PBXFileReference; explicitFileType = "wrapper.app-extension"; includeInIndex = 0; path = LineEscapeEx.appex; sourceTree = BUILT_PRODUCTS_DIR; };
		37849F4E1E3F9EC500F24FFB /* Cocoa.framework */ = {isa = PBXFileReference; lastKnownFileType = wrapper.framework; name = Cocoa.framework; path = System/Library/Frameworks/Cocoa.framework; sourceTree = SDKROOT; };
		37849F521E3F9EC500F24FFB /* LineEscapeEx.entitlements */ = {isa = PBXFileReference; lastKnownFileType = text.plist.entitlements; path = LineEscapeEx.entitlements; sourceTree = "<group>"; };
		37849F531E3F9EC500F24FFB /* SourceEditorExtension.swift */ = {isa = PBXFileReference; lastKnownFileType = sourcecode.swift; path = SourceEditorExtension.swift; sourceTree = "<group>"; };
		37849F551E3F9EC500F24FFB /* SourceEditorCommand.swift */ = {isa = PBXFileReference; lastKnownFileType = sourcecode.swift; path = SourceEditorCommand.swift; sourceTree = "<group>"; };
		37849F571E3F9EC500F24FFB /* Info.plist */ = {isa = PBXFileReference; lastKnownFileType = text.plist.xml; path = Info.plist; sourceTree = "<group>"; };
		378CACEE1E56D38F00A5BF3B /* AppDelegate.swift */ = {isa = PBXFileReference; fileEncoding = 4; lastKnownFileType = sourcecode.swift; name = AppDelegate.swift; path = LineEscape/AppDelegate.swift; sourceTree = SOURCE_ROOT; };
		378CACF01E56D39700A5BF3B /* Info.plist */ = {isa = PBXFileReference; fileEncoding = 4; lastKnownFileType = text.plist.xml; name = Info.plist; path = LineEscape/Info.plist; sourceTree = SOURCE_ROOT; };
		378CACF21E56D39E00A5BF3B /* Assets.xcassets */ = {isa = PBXFileReference; lastKnownFileType = folder.assetcatalog; name = Assets.xcassets; path = LineEscape/Assets.xcassets; sourceTree = SOURCE_ROOT; };
/* End PBXFileReference section */

/* Begin PBXFrameworksBuildPhase section */
		37849F351E3F9EB600F24FFB /* Frameworks */ = {
			isa = PBXFrameworksBuildPhase;
			buildActionMask = 2147483647;
			files = (
			);
			runOnlyForDeploymentPostprocessing = 0;
		};
		37849F491E3F9EC500F24FFB /* Frameworks */ = {
			isa = PBXFrameworksBuildPhase;
			buildActionMask = 2147483647;
			files = (
				37849F4F1E3F9EC500F24FFB /* Cocoa.framework in Frameworks */,
			);
			runOnlyForDeploymentPostprocessing = 0;
		};
/* End PBXFrameworksBuildPhase section */

/* Begin PBXGroup section */
		37849F2F1E3F9EB600F24FFB = {
			isa = PBXGroup;
			children = (
				37849F3A1E3F9EB600F24FFB /* LineEscape */,
				37849F501E3F9EC500F24FFB /* LineEscapeEx */,
				37849F4D1E3F9EC500F24FFB /* Frameworks */,
				37849F391E3F9EB600F24FFB /* Products */,
			);
			sourceTree = "<group>";
		};
		37849F391E3F9EB600F24FFB /* Products */ = {
			isa = PBXGroup;
			children = (
				37849F381E3F9EB600F24FFB /* LineEscape.app */,
				37849F4C1E3F9EC500F24FFB /* LineEscapeEx.appex */,
			);
			name = Products;
			sourceTree = "<group>";
		};
		37849F3A1E3F9EB600F24FFB /* LineEscape */ = {
			isa = PBXGroup;
			children = (
				378CACEE1E56D38F00A5BF3B /* AppDelegate.swift */,
				378CACF21E56D39E00A5BF3B /* Assets.xcassets */,
				378CACF01E56D39700A5BF3B /* Info.plist */,
			);
			path = LineEscape;
			sourceTree = "<group>";
		};
		37849F4D1E3F9EC500F24FFB /* Frameworks */ = {
			isa = PBXGroup;
			children = (
				37849F4E1E3F9EC500F24FFB /* Cocoa.framework */,
			);
			name = Frameworks;
			sourceTree = "<group>";
		};
		37849F501E3F9EC500F24FFB /* LineEscapeEx */ = {
			isa = PBXGroup;
			children = (
				37849F531E3F9EC500F24FFB /* SourceEditorExtension.swift */,
				37849F551E3F9EC500F24FFB /* SourceEditorCommand.swift */,
				37849F571E3F9EC500F24FFB /* Info.plist */,
				37849F511E3F9EC500F24FFB /* Supporting Files */,
			);
			path = LineEscapeEx;
			sourceTree = "<group>";
		};
		37849F511E3F9EC500F24FFB /* Supporting Files */ = {
			isa = PBXGroup;
			children = (
				37849F521E3F9EC500F24FFB /* LineEscapeEx.entitlements */,
			);
			name = "Supporting Files";
			sourceTree = "<group>";
		};
/* End PBXGroup section */

/* Begin PBXNativeTarget section */
		37849F371E3F9EB600F24FFB /* LineEscape */ = {
			isa = PBXNativeTarget;
			buildConfigurationList = 37849F451E3F9EB700F24FFB /* Build configuration list for PBXNativeTarget "LineEscape" */;
			buildPhases = (
				37849F341E3F9EB600F24FFB /* Sources */,
				37849F351E3F9EB600F24FFB /* Frameworks */,
				37849F361E3F9EB600F24FFB /* Resources */,
				37849F5E1E3F9EC500F24FFB /* Embed App Extensions */,
			);
			buildRules = (
			);
			dependencies = (
				37849F591E3F9EC500F24FFB /* PBXTargetDependency */,
			);
			name = LineEscape;
			productName = LineEscape;
			productReference = 37849F381E3F9EB600F24FFB /* LineEscape.app */;
			productType = "com.apple.product-type.application";
		};
		37849F4B1E3F9EC500F24FFB /* LineEscapeEx */ = {
			isa = PBXNativeTarget;
			buildConfigurationList = 37849F5B1E3F9EC500F24FFB /* Build configuration list for PBXNativeTarget "LineEscapeEx" */;
			buildPhases = (
				37849F481E3F9EC500F24FFB /* Sources */,
				37849F491E3F9EC500F24FFB /* Frameworks */,
				37849F4A1E3F9EC500F24FFB /* Resources */,
			);
			buildRules = (
			);
			dependencies = (
			);
			name = LineEscapeEx;
			productName = LineEscapeEx;
			productReference = 37849F4C1E3F9EC500F24FFB /* LineEscapeEx.appex */;
			productType = "com.apple.product-type.xcode-extension";
		};
/* End PBXNativeTarget section */

/* Begin PBXProject section */
		37849F301E3F9EB600F24FFB /* Project object */ = {
			isa = PBXProject;
			attributes = {
				LastSwiftUpdateCheck = 0820;
				LastUpgradeCheck = 0820;
				ORGANIZATIONNAME = sidepelican;
				TargetAttributes = {
					37849F371E3F9EB600F24FFB = {
						CreatedOnToolsVersion = 8.2.1;
						DevelopmentTeam = R3M694BK62;
						ProvisioningStyle = Automatic;
					};
					37849F4B1E3F9EC500F24FFB = {
						CreatedOnToolsVersion = 8.2.1;
						DevelopmentTeam = R3M694BK62;
						ProvisioningStyle = Automatic;
					};
				};
			};
			buildConfigurationList = 37849F331E3F9EB600F24FFB /* Build configuration list for PBXProject "LineEscape" */;
			compatibilityVersion = "Xcode 3.2";
			developmentRegion = English;
			hasScannedForEncodings = 0;
			knownRegions = (
				en,
				Base,
			);
			mainGroup = 37849F2F1E3F9EB600F24FFB;
			productRefGroup = 37849F391E3F9EB600F24FFB /* Products */;
			projectDirPath = "";
			projectRoot = "";
			targets = (
				37849F371E3F9EB600F24FFB /* LineEscape */,
				37849F4B1E3F9EC500F24FFB /* LineEscapeEx */,
			);
		};
/* End PBXProject section */

/* Begin PBXResourcesBuildPhase section */
		37849F361E3F9EB600F24FFB /* Resources */ = {
			isa = PBXResourcesBuildPhase;
			buildActionMask = 2147483647;
			files = (
				378CACF11E56D39800A5BF3B /* Info.plist in Resources */,
				378CACF31E56D39E00A5BF3B /* Assets.xcassets in Resources */,
			);
			runOnlyForDeploymentPostprocessing = 0;
		};
		37849F4A1E3F9EC500F24FFB /* Resources */ = {
			isa = PBXResourcesBuildPhase;
			buildActionMask = 2147483647;
			files = (
			);
			runOnlyForDeploymentPostprocessing = 0;
		};
/* End PBXResourcesBuildPhase section */

/* Begin PBXSourcesBuildPhase section */
		37849F341E3F9EB600F24FFB /* Sources */ = {
			isa = PBXSourcesBuildPhase;
			buildActionMask = 2147483647;
			files = (
				378CACEF1E56D38F00A5BF3B /* AppDelegate.swift in Sources */,
			);
			runOnlyForDeploymentPostprocessing = 0;
		};
		37849F481E3F9EC500F24FFB /* Sources */ = {
			isa = PBXSourcesBuildPhase;
			buildActionMask = 2147483647;
			files = (
				37849F541E3F9EC500F24FFB /* SourceEditorExtension.swift in Sources */,
				37849F561E3F9EC500F24FFB /* SourceEditorCommand.swift in Sources */,
			);
			runOnlyForDeploymentPostprocessing = 0;
		};
/* End PBXSourcesBuildPhase section */

/* Begin PBXTargetDependency section */
		37849F591E3F9EC500F24FFB /* PBXTargetDependency */ = {
			isa = PBXTargetDependency;
			target = 37849F4B1E3F9EC500F24FFB /* LineEscapeEx */;
			targetProxy = 37849F581E3F9EC500F24FFB /* PBXContainerItemProxy */;
		};
/* End PBXTargetDependency section */

/* Begin XCBuildConfiguration section */
		37849F431E3F9EB700F24FFB /* Debug */ = {
			isa = XCBuildConfiguration;
			buildSettings = {
				ALWAYS_SEARCH_USER_PATHS = NO;
				CLANG_ANALYZER_NONNULL = YES;
				CLANG_CXX_LANGUAGE_STANDARD = "gnu++0x";
				CLANG_CXX_LIBRARY = "libc++";
				CLANG_ENABLE_MODULES = YES;
				CLANG_ENABLE_OBJC_ARC = YES;
				CLANG_WARN_BOOL_CONVERSION = YES;
				CLANG_WARN_CONSTANT_CONVERSION = YES;
				CLANG_WARN_DIRECT_OBJC_ISA_USAGE = YES_ERROR;
				CLANG_WARN_DOCUMENTATION_COMMENTS = YES;
				CLANG_WARN_EMPTY_BODY = YES;
				CLANG_WARN_ENUM_CONVERSION = YES;
				CLANG_WARN_INFINITE_RECURSION = YES;
				CLANG_WARN_INT_CONVERSION = YES;
				CLANG_WARN_OBJC_ROOT_CLASS = YES_ERROR;
				CLANG_WARN_SUSPICIOUS_MOVE = YES;
				CLANG_WARN_UNREACHABLE_CODE = YES;
				CLANG_WARN__DUPLICATE_METHOD_MATCH = YES;
				CODE_SIGN_IDENTITY = "-";
				COPY_PHASE_STRIP = NO;
				DEBUG_INFORMATION_FORMAT = dwarf;
				ENABLE_STRICT_OBJC_MSGSEND = YES;
				ENABLE_TESTABILITY = YES;
				GCC_C_LANGUAGE_STANDARD = gnu99;
				GCC_DYNAMIC_NO_PIC = NO;
				GCC_NO_COMMON_BLOCKS = YES;
				GCC_OPTIMIZATION_LEVEL = 0;
				GCC_PREPROCESSOR_DEFINITIONS = (
					"DEBUG=1",
					"$(inherited)",
				);
				GCC_WARN_64_TO_32_BIT_CONVERSION = YES;
				GCC_WARN_ABOUT_RETURN_TYPE = YES_ERROR;
				GCC_WARN_UNDECLARED_SELECTOR = YES;
				GCC_WARN_UNINITIALIZED_AUTOS = YES_AGGRESSIVE;
				GCC_WARN_UNUSED_FUNCTION = YES;
				GCC_WARN_UNUSED_VARIABLE = YES;
				MACOSX_DEPLOYMENT_TARGET = 10.12;
				MTL_ENABLE_DEBUG_INFO = YES;
				ONLY_ACTIVE_ARCH = YES;
				SDKROOT = macosx;
				SWIFT_ACTIVE_COMPILATION_CONDITIONS = DEBUG;
				SWIFT_OPTIMIZATION_LEVEL = "-Onone";
			};
			name = Debug;
		};
		37849F441E3F9EB700F24FFB /* Release */ = {
			isa = XCBuildConfiguration;
			buildSettings = {
				ALWAYS_SEARCH_USER_PATHS = NO;
				CLANG_ANALYZER_NONNULL = YES;
				CLANG_CXX_LANGUAGE_STANDARD = "gnu++0x";
				CLANG_CXX_LIBRARY = "libc++";
				CLANG_ENABLE_MODULES = YES;
				CLANG_ENABLE_OBJC_ARC = YES;
				CLANG_WARN_BOOL_CONVERSION = YES;
				CLANG_WARN_CONSTANT_CONVERSION = YES;
				CLANG_WARN_DIRECT_OBJC_ISA_USAGE = YES_ERROR;
				CLANG_WARN_DOCUMENTATION_COMMENTS = YES;
				CLANG_WARN_EMPTY_BODY = YES;
				CLANG_WARN_ENUM_CONVERSION = YES;
				CLANG_WARN_INFINITE_RECURSION = YES;
				CLANG_WARN_INT_CONVERSION = YES;
				CLANG_WARN_OBJC_ROOT_CLASS = YES_ERROR;
				CLANG_WARN_SUSPICIOUS_MOVE = YES;
				CLANG_WARN_UNREACHABLE_CODE = YES;
				CLANG_WARN__DUPLICATE_METHOD_MATCH = YES;
				CODE_SIGN_IDENTITY = "-";
				COPY_PHASE_STRIP = NO;
				DEBUG_INFORMATION_FORMAT = "dwarf-with-dsym";
				ENABLE_NS_ASSERTIONS = NO;
				ENABLE_STRICT_OBJC_MSGSEND = YES;
				GCC_C_LANGUAGE_STANDARD = gnu99;
				GCC_NO_COMMON_BLOCKS = YES;
				GCC_WARN_64_TO_32_BIT_CONVERSION = YES;
				GCC_WARN_ABOUT_RETURN_TYPE = YES_ERROR;
				GCC_WARN_UNDECLARED_SELECTOR = YES;
				GCC_WARN_UNINITIALIZED_AUTOS = YES_AGGRESSIVE;
				GCC_WARN_UNUSED_FUNCTION = YES;
				GCC_WARN_UNUSED_VARIABLE = YES;
				MACOSX_DEPLOYMENT_TARGET = 10.12;
				MTL_ENABLE_DEBUG_INFO = NO;
				SDKROOT = macosx;
				SWIFT_OPTIMIZATION_LEVEL = "-Owholemodule";
			};
			name = Release;
		};
		37849F461E3F9EB700F24FFB /* Debug */ = {
			isa = XCBuildConfiguration;
			buildSettings = {
				ALWAYS_EMBED_SWIFT_STANDARD_LIBRARIES = YES;
				ASSETCATALOG_COMPILER_APPICON_NAME = AppIcon;
				CODE_SIGN_IDENTITY = "Mac Developer";
				COMBINE_HIDPI_IMAGES = YES;
				DEVELOPMENT_TEAM = R3M694BK62;
				INFOPLIST_FILE = LineEscape/Info.plist;
				LD_RUNPATH_SEARCH_PATHS = "$(inherited) @executable_path/../Frameworks";
				PRODUCT_BUNDLE_IDENTIFIER = com.gmail.side.junktown.lineescape;
				PRODUCT_NAME = "$(TARGET_NAME)";
				SWIFT_VERSION = 3.0;
			};
			name = Debug;
		};
		37849F471E3F9EB700F24FFB /* Release */ = {
			isa = XCBuildConfiguration;
			buildSettings = {
				ALWAYS_EMBED_SWIFT_STANDARD_LIBRARIES = YES;
				ASSETCATALOG_COMPILER_APPICON_NAME = AppIcon;
				CODE_SIGN_IDENTITY = "Mac Developer";
				COMBINE_HIDPI_IMAGES = YES;
				DEVELOPMENT_TEAM = R3M694BK62;
				INFOPLIST_FILE = LineEscape/Info.plist;
				LD_RUNPATH_SEARCH_PATHS = "$(inherited) @executable_path/../Frameworks";
				PRODUCT_BUNDLE_IDENTIFIER = com.gmail.side.junktown.lineescape;
				PRODUCT_NAME = "$(TARGET_NAME)";
				SWIFT_VERSION = 3.0;
			};
			name = Release;
		};
		37849F5C1E3F9EC500F24FFB /* Debug */ = {
			isa = XCBuildConfiguration;
			buildSettings = {
				CODE_SIGN_ENTITLEMENTS = LineEscapeEx/LineEscapeEx.entitlements;
				CODE_SIGN_IDENTITY = "Mac Developer";
				COMBINE_HIDPI_IMAGES = YES;
				DEVELOPMENT_TEAM = R3M694BK62;
				INFOPLIST_FILE = LineEscapeEx/Info.plist;
				LD_RUNPATH_SEARCH_PATHS = "$(inherited) @executable_path/../Frameworks @executable_path/../../../../Frameworks";
				MACOSX_DEPLOYMENT_TARGET = 10.11;
				PRODUCT_BUNDLE_IDENTIFIER = com.gmail.side.junktown.lineescape.lineescapeex;
				PRODUCT_NAME = "$(TARGET_NAME)";
				SKIP_INSTALL = YES;
				SWIFT_VERSION = 3.0;
			};
			name = Debug;
		};
		37849F5D1E3F9EC500F24FFB /* Release */ = {
			isa = XCBuildConfiguration;
			buildSettings = {
				CODE_SIGN_ENTITLEMENTS = LineEscapeEx/LineEscapeEx.entitlements;
				CODE_SIGN_IDENTITY = "Mac Developer";
				COMBINE_HIDPI_IMAGES = YES;
				DEVELOPMENT_TEAM = R3M694BK62;
				INFOPLIST_FILE = LineEscapeEx/Info.plist;
				LD_RUNPATH_SEARCH_PATHS = "$(inherited) @executable_path/../Frameworks @executable_path/../../../../Frameworks";
				MACOSX_DEPLOYMENT_TARGET = 10.11;
				PRODUCT_BUNDLE_IDENTIFIER = com.gmail.side.junktown.lineescape.lineescapeex;
				PRODUCT_NAME = "$(TARGET_NAME)";
				SKIP_INSTALL = YES;
				SWIFT_VERSION = 3.0;
			};
			name = Release;
		};
/* End XCBuildConfiguration section */

/* Begin XCConfigurationList section */
		37849F331E3F9EB600F24FFB /* Build configuration list for PBXProject "LineEscape" */ = {
			isa = XCConfigurationList;
			buildConfigurations = (
				37849F431E3F9EB700F24FFB /* Debug */,
				37849F441E3F9EB700F24FFB /* Release */,
			);
			defaultConfigurationIsVisible = 0;
			defaultConfigurationName = Release;
		};
		37849F451E3F9EB700F24FFB /* Build configuration list for PBXNativeTarget "LineEscape" */ = {
			isa = XCConfigurationList;
			buildConfigurations = (
				37849F461E3F9EB700F24FFB /* Debug */,
				37849F471E3F9EB700F24FFB /* Release */,
			);
			defaultConfigurationIsVisible = 0;
			defaultConfigurationName = Release;
		};
		37849F5B1E3F9EC500F24FFB /* Build configuration list for PBXNativeTarget "LineEscapeEx" */ = {
			isa = XCConfigurationList;
			buildConfigurations = (
				37849F5C1E3F9EC500F24FFB /* Debug */,
				37849F5D1E3F9EC500F24FFB /* Release */,
			);
			defaultConfigurationIsVisible = 0;
			defaultConfigurationName = Release;
		};
/* End XCConfigurationList section */
	};
	rootObject = 37849F301E3F9EB600F24FFB /* Project object */;
}
